{
  "name": "duckieslove",
  "version": "1.0.0",
  "lockfileVersion": 3,
  "requires": true,
  "packages": {
    "": {
      "name": "duckieslove",
      "version": "1.0.0",
      "dependencies": {
        "dotenv": "^16.4.5",
        "express": "^4.19.2"
      }
    }
  },
  "dependencies": {
    "dotenv": {
      "version": "^16.4.5"
    },
    "express": {
      "version": "^4.19.2"
    }
  }
}
